
Microsoft Visual Studio Solution File, Format Version 12.00
# Visual Studio Version 16
VisualStudioVersion = 16.0.30717.126
MinimumVisualStudioVersion = 10.0.40219.1
Project("{8BC9CEB8-8B4A-11D0-8D11-00A0C91BC942}") = "Appel_des_constructeurs_et_des_destructeurs", "Appel_des_constructeurs_et_des_destructeurs.vcxproj", "{D0D521DE-7CC8-4E32-8EF9-32F872AA73CC}"
EndProject
Global
	GlobalSection(SolutionConfigurationPlatforms) = preSolution
		Debug|x64 = Debug|x64
		Debug|x86 = Debug|x86
		Release|x64 = Release|x64
		Release|x86 = Release|x86
	EndGlobalSection
	GlobalSection(ProjectConfigurationPlatforms) = postSolution
		{D0D521DE-7CC8-4E32-8EF9-32F872AA73CC}.Debug|x64.ActiveCfg = Debug|x64
		{D0D521DE-7CC8-4E32-8EF9-32F872AA73CC}.Debug|x64.Build.0 = Debug|x64
		{D0D521DE-7CC8-4E32-8EF9-32F872AA73CC}.Debug|x86.ActiveCfg = Debug|Win32
		{D0D521DE-7CC8-4E32-8EF9-32F872AA73CC}.Debug|x86.Build.0 = Debug|Win32
		{D0D521DE-7CC8-4E32-8EF9-32F872AA73CC}.Release|x64.ActiveCfg = Release|x64
		{D0D521DE-7CC8-4E32-8EF9-32F872AA73CC}.Release|x64.Build.0 = Release|x64
		{D0D521DE-7CC8-4E32-8EF9-32F872AA73CC}.Release|x86.ActiveCfg = Release|Win32
		{D0D521DE-7CC8-4E32-8EF9-32F872AA73CC}.Release|x86.Build.0 = Release|Win32
	EndGlobalSection
	GlobalSection(SolutionProperties) = preSolution
		HideSolutionNode = FALSE
	EndGlobalSection
	GlobalSection(ExtensibilityGlobals) = postSolution
		SolutionGuid = {06AB9C21-1A27-4F40-B374-E2D464D3D567}
	EndGlobalSection
EndGlobal
